
Microsoft Visual Studio Solution File, Format Version 12.00
# Visual Studio 15
VisualStudioVersion = 15.0.27130.2010
MinimumVisualStudioVersion = 10.0.40219.1
Project("{FAE04EC0-301F-11D3-BF4B-00C04F79EFBC}") = "Pipe.Demo", "Pipe.Demo\Pipe.Demo.csproj", "{AC4DE47C-0B08-4677-A266-AFF1071E22A0}"
EndProject
Project("{FAE04EC0-301F-11D3-BF4B-00C04F79EFBC}") = "Pipe", "Pipe\Pipe.csproj", "{1B1B56D1-8A76-4140-981B-994ABB73C8E8}"
EndProject
Project("{FAE04EC0-301F-11D3-BF4B-00C04F79EFBC}") = "Pipe.Test", "Pipe.Test\Pipe.Test.csproj", "{5AD9B050-8977-4FDE-8B14-729B72DF898B}"
EndProject
Global
	GlobalSection(SolutionConfigurationPlatforms) = preSolution
		Debug|Any CPU = Debug|Any CPU
		Release|Any CPU = Release|Any CPU
	EndGlobalSection
	GlobalSection(ProjectConfigurationPlatforms) = postSolution
		{AC4DE47C-0B08-4677-A266-AFF1071E22A0}.Debug|Any CPU.ActiveCfg = Debug|Any CPU
		{AC4DE47C-0B08-4677-A266-AFF1071E22A0}.Debug|Any CPU.Build.0 = Debug|Any CPU
		{AC4DE47C-0B08-4677-A266-AFF1071E22A0}.Release|Any CPU.ActiveCfg = Release|Any CPU
		{AC4DE47C-0B08-4677-A266-AFF1071E22A0}.Release|Any CPU.Build.0 = Release|Any CPU
		{1B1B56D1-8A76-4140-981B-994ABB73C8E8}.Debug|Any CPU.ActiveCfg = Debug|Any CPU
		{1B1B56D1-8A76-4140-981B-994ABB73C8E8}.Debug|Any CPU.Build.0 = Debug|Any CPU
		{1B1B56D1-8A76-4140-981B-994ABB73C8E8}.Release|Any CPU.ActiveCfg = Release|Any CPU
		{1B1B56D1-8A76-4140-981B-994ABB73C8E8}.Release|Any CPU.Build.0 = Release|Any CPU
		{5AD9B050-8977-4FDE-8B14-729B72DF898B}.Debug|Any CPU.ActiveCfg = Debug|Any CPU
		{5AD9B050-8977-4FDE-8B14-729B72DF898B}.Debug|Any CPU.Build.0 = Debug|Any CPU
		{5AD9B050-8977-4FDE-8B14-729B72DF898B}.Release|Any CPU.ActiveCfg = Release|Any CPU
		{5AD9B050-8977-4FDE-8B14-729B72DF898B}.Release|Any CPU.Build.0 = Release|Any CPU
	EndGlobalSection
	GlobalSection(SolutionProperties) = preSolution
		HideSolutionNode = FALSE
	EndGlobalSection
	GlobalSection(ExtensibilityGlobals) = postSolution
		SolutionGuid = {75506454-E896-45A7-8171-1AF8F537FA81}
	EndGlobalSection
EndGlobal
